# THIS IS AN AUTOGENERATED FILE. DO NOT EDIT THIS FILE DIRECTLY.
# yarn lockfile v1


vue-awesome-swiper@^4.1.1:
  version "4.1.1"
  resolved "https://registry.yarnpkg.com/vue-awesome-swiper/-/vue-awesome-swiper-4.1.1.tgz#8f7ab221ad003021d756b86aa618f429924900fe"
  integrity sha512-50um10t6N+lJaORkpwSi1wWuMmBI1sgFc9Znsi5oUykw2cO5DzLaBHcO2JNX21R+Ue4TGoIJDhhxjBHtkFrTEQ==
